
Microsoft Visual Studio Solution File, Format Version 12.00
# Visual Studio Version 17
VisualStudioVersion = 17.1.32414.318
MinimumVisualStudioVersion = 10.0.40219.1
Project("{FAE04EC0-301F-11D3-BF4B-00C04F79EFBC}") = "calcutor", "calcutor\calcutor.csproj", "{868D35A9-D2E3-4D13-98EA-DC178DF69335}"
EndProject
Global
	GlobalSection(SolutionConfigurationPlatforms) = preSolution
		Debug|Any CPU = Debug|Any CPU
		Release|Any CPU = Release|Any CPU
	EndGlobalSection
	GlobalSection(ProjectConfigurationPlatforms) = postSolution
		{868D35A9-D2E3-4D13-98EA-DC178DF69335}.Debug|Any CPU.ActiveCfg = Debug|Any CPU
		{868D35A9-D2E3-4D13-98EA-DC178DF69335}.Debug|Any CPU.Build.0 = Debug|Any CPU
		{868D35A9-D2E3-4D13-98EA-DC178DF69335}.Release|Any CPU.ActiveCfg = Release|Any CPU
		{868D35A9-D2E3-4D13-98EA-DC178DF69335}.Release|Any CPU.Build.0 = Release|Any CPU
	EndGlobalSection
	GlobalSection(SolutionProperties) = preSolution
		HideSolutionNode = FALSE
	EndGlobalSection
	GlobalSection(ExtensibilityGlobals) = postSolution
		SolutionGuid = {467DA608-7130-4822-AD85-6A1ACAF58489}
	EndGlobalSection
EndGlobal
